
Microsoft Visual Studio Solution File, Format Version 12.00
# Visual Studio 15
VisualStudioVersion = 15.0.27703.2026
MinimumVisualStudioVersion = 10.0.40219.1
Project("{FAE04EC0-301F-11D3-BF4B-00C04F79EFBC}") = "CaliburnAutoMapperBug", "CaliburnAutoMapperBug\CaliburnAutoMapperBug.csproj", "{D0E8BB54-E1E2-43C9-AD47-366BFB595414}"
EndProject
Global
	GlobalSection(SolutionConfigurationPlatforms) = preSolution
		Debug|Any CPU = Debug|Any CPU
		Release|Any CPU = Release|Any CPU
	EndGlobalSection
	GlobalSection(ProjectConfigurationPlatforms) = postSolution
		{D0E8BB54-E1E2-43C9-AD47-366BFB595414}.Debug|Any CPU.ActiveCfg = Debug|Any CPU
		{D0E8BB54-E1E2-43C9-AD47-366BFB595414}.Debug|Any CPU.Build.0 = Debug|Any CPU
		{D0E8BB54-E1E2-43C9-AD47-366BFB595414}.Release|Any CPU.ActiveCfg = Release|Any CPU
		{D0E8BB54-E1E2-43C9-AD47-366BFB595414}.Release|Any CPU.Build.0 = Release|Any CPU
	EndGlobalSection
	GlobalSection(SolutionProperties) = preSolution
		HideSolutionNode = FALSE
	EndGlobalSection
	GlobalSection(ExtensibilityGlobals) = postSolution
		SolutionGuid = {82402A0A-2CE8-410A-B898-1F7203DF9956}
	EndGlobalSection
EndGlobal
